# THIS IS AN AUTOGENERATED FILE. DO NOT EDIT THIS FILE DIRECTLY.
# yarn lockfile v1


base64-js@^1.0.2:
  version "1.2.0"
  resolved "http://registry.npm.taobao.org/base64-js/download/base64-js-1.2.0.tgz#a39992d723584811982be5e290bb6a53d86700f1"

buffer@^4.6.0:
  version "4.9.1"
  resolved "http://registry.npm.taobao.org/buffer/download/buffer-4.9.1.tgz#6d1bb601b07a4efced97094132093027c95bc298"
  dependencies:
    base64-js "^1.0.2"
    ieee754 "^1.1.4"
    isarray "^1.0.0"

ieee754@^1.1.4:
  version "1.1.8"
  resolved "http://registry.npm.taobao.org/ieee754/download/ieee754-1.1.8.tgz#be33d40ac10ef1926701f6f08a2d86fbfd1ad3e4"

isarray@^1.0.0:
  version "1.0.0"
  resolved "http://registry.npm.taobao.org/isarray/download/isarray-1.0.0.tgz#bb935d48582cba168c06834957a54a3e07124f11"
